
Microsoft Visual Studio Solution File, Format Version 12.00
# Visual Studio Version 17
VisualStudioVersion = 17.8.34322.80
MinimumVisualStudioVersion = 10.0.40219.1
Project("{9A19103F-16F7-4668-BE54-9A1E7A4F7556}") = "Logic.TechnicalAssement.App", "Logic.TechnicalAssement.App\Logic.TechnicalAssement.App.csproj", "{5A74BF34-CDD4-4764-8A43-61054B3F6D47}"
EndProject
Project("{FAE04EC0-301F-11D3-BF4B-00C04F79EFBC}") = "Logic.TechnicalAssement.Core", "Logic.TechnicalAssement.Core\Logic.TechnicalAssement.Core.csproj", "{11BDDDEC-6F97-4646-BFD8-B10C51FEA3DF}"
EndProject
Project("{FAE04EC0-301F-11D3-BF4B-00C04F79EFBC}") = "Logic.TechnicalAssement.Infrastructure", "Logic.TechnicalAssement.Infrastructure\Logic.TechnicalAssement.Infrastructure.csproj", "{A38122DB-E8BE-41F5-9D9B-D3FDFC17DAA0}"
EndProject
Project("{FAE04EC0-301F-11D3-BF4B-00C04F79EFBC}") = "Logic.TechnicalAssement.Tests", "Logic.TechnicalAssement.Tests\Logic.TechnicalAssement.Tests.csproj", "{4FEC8179-E112-4BAD-ADE1-E3F269A348AB}"
EndProject
Global
	GlobalSection(SolutionConfigurationPlatforms) = preSolution
		Debug|Any CPU = Debug|Any CPU
		Release|Any CPU = Release|Any CPU
	EndGlobalSection
	GlobalSection(ProjectConfigurationPlatforms) = postSolution
		{5A74BF34-CDD4-4764-8A43-61054B3F6D47}.Debug|Any CPU.ActiveCfg = Debug|Any CPU
		{5A74BF34-CDD4-4764-8A43-61054B3F6D47}.Debug|Any CPU.Build.0 = Debug|Any CPU
		{5A74BF34-CDD4-4764-8A43-61054B3F6D47}.Release|Any CPU.ActiveCfg = Release|Any CPU
		{5A74BF34-CDD4-4764-8A43-61054B3F6D47}.Release|Any CPU.Build.0 = Release|Any CPU
		{11BDDDEC-6F97-4646-BFD8-B10C51FEA3DF}.Debug|Any CPU.ActiveCfg = Debug|Any CPU
		{11BDDDEC-6F97-4646-BFD8-B10C51FEA3DF}.Debug|Any CPU.Build.0 = Debug|Any CPU
		{11BDDDEC-6F97-4646-BFD8-B10C51FEA3DF}.Release|Any CPU.ActiveCfg = Release|Any CPU
		{11BDDDEC-6F97-4646-BFD8-B10C51FEA3DF}.Release|Any CPU.Build.0 = Release|Any CPU
		{A38122DB-E8BE-41F5-9D9B-D3FDFC17DAA0}.Debug|Any CPU.ActiveCfg = Debug|Any CPU
		{A38122DB-E8BE-41F5-9D9B-D3FDFC17DAA0}.Debug|Any CPU.Build.0 = Debug|Any CPU
		{A38122DB-E8BE-41F5-9D9B-D3FDFC17DAA0}.Release|Any CPU.ActiveCfg = Release|Any CPU
		{A38122DB-E8BE-41F5-9D9B-D3FDFC17DAA0}.Release|Any CPU.Build.0 = Release|Any CPU
		{4FEC8179-E112-4BAD-ADE1-E3F269A348AB}.Debug|Any CPU.ActiveCfg = Debug|Any CPU
		{4FEC8179-E112-4BAD-ADE1-E3F269A348AB}.Debug|Any CPU.Build.0 = Debug|Any CPU
		{4FEC8179-E112-4BAD-ADE1-E3F269A348AB}.Release|Any CPU.ActiveCfg = Release|Any CPU
		{4FEC8179-E112-4BAD-ADE1-E3F269A348AB}.Release|Any CPU.Build.0 = Release|Any CPU
	EndGlobalSection
	GlobalSection(SolutionProperties) = preSolution
		HideSolutionNode = FALSE
	EndGlobalSection
	GlobalSection(ExtensibilityGlobals) = postSolution
		SolutionGuid = {94959CDC-707F-4803-BA56-63108D531A11}
	EndGlobalSection
EndGlobal
